
Microsoft Visual Studio Solution File, Format Version 12.00
# Visual Studio Version 17
VisualStudioVersion = 17.0.31903.59
MinimumVisualStudioVersion = 10.0.40219.1
Project("{FAE04EC0-301F-11D3-BF4B-00C04F79EFBC}") = "Shared.Kernel", "Shared.Kernel\Shared.Kernel.csproj", "{1037E00F-F100-43F8-B566-7A401C77957C}"
EndProject
Project("{FAE04EC0-301F-11D3-BF4B-00C04F79EFBC}") = "Infrastructure", "Infrastructure\Infrastructure.csproj", "{F4B3DF68-8030-4DA4-B8D9-76722A3FDD23}"
EndProject
Project("{FAE04EC0-301F-11D3-BF4B-00C04F79EFBC}") = "WorkerService", "WorkerService\WorkerService.csproj", "{DC1E3ECF-3125-4D28-BB98-A639466B47DF}"
EndProject
Project("{FAE04EC0-301F-11D3-BF4B-00C04F79EFBC}") = "Domain", "Domain\Domain.csproj", "{AA686FF3-75FF-42D5-BAEE-2B1C14AE0A60}"
EndProject
Project("{FAE04EC0-301F-11D3-BF4B-00C04F79EFBC}") = "Application", "Application\Application.csproj", "{F80C4E72-27A0-12B5-0634-DD5C11CFB0C1}"
EndProject
Project("{FAE04EC0-301F-11D3-BF4B-00C04F79EFBC}") = "API", "API\API.csproj", "{1417E8CC-154A-4AAE-92EE-38186D3414DB}"
EndProject
Project("{2150E333-8FDC-42A3-9474-1A3956D46DE8}") = "test", "test", "{02EA681E-C7D8-13C7-8484-4AC65E1B71E8}"
EndProject
Project("{2150E333-8FDC-42A3-9474-1A3956D46DE8}") = "src", "src", "{F1F51123-629C-4E78-8641-8E356C4F2A93}"
EndProject
Project("{FAE04EC0-301F-11D3-BF4B-00C04F79EFBC}") = "Domain.Test", "test\Domain.Test\Domain.Test.csproj", "{A1029193-8ABB-4723-B00A-B40260D4892E}"
EndProject
Project("{FAE04EC0-301F-11D3-BF4B-00C04F79EFBC}") = "Application.Tests", "test\Application.Tests\Application.Tests.csproj", "{8F6C4CF5-1A46-4F81-A625-BF1EFC3268B4}"
EndProject
Global
	GlobalSection(SolutionConfigurationPlatforms) = preSolution
		Debug|Any CPU = Debug|Any CPU
		Release|Any CPU = Release|Any CPU
	EndGlobalSection
	GlobalSection(ProjectConfigurationPlatforms) = postSolution
		{1037E00F-F100-43F8-B566-7A401C77957C}.Debug|Any CPU.ActiveCfg = Debug|Any CPU
		{1037E00F-F100-43F8-B566-7A401C77957C}.Debug|Any CPU.Build.0 = Debug|Any CPU
		{1037E00F-F100-43F8-B566-7A401C77957C}.Release|Any CPU.ActiveCfg = Release|Any CPU
		{1037E00F-F100-43F8-B566-7A401C77957C}.Release|Any CPU.Build.0 = Release|Any CPU
		{F4B3DF68-8030-4DA4-B8D9-76722A3FDD23}.Debug|Any CPU.ActiveCfg = Debug|Any CPU
		{F4B3DF68-8030-4DA4-B8D9-76722A3FDD23}.Debug|Any CPU.Build.0 = Debug|Any CPU
		{F4B3DF68-8030-4DA4-B8D9-76722A3FDD23}.Release|Any CPU.ActiveCfg = Release|Any CPU
		{F4B3DF68-8030-4DA4-B8D9-76722A3FDD23}.Release|Any CPU.Build.0 = Release|Any CPU
		{DC1E3ECF-3125-4D28-BB98-A639466B47DF}.Debug|Any CPU.ActiveCfg = Debug|Any CPU
		{DC1E3ECF-3125-4D28-BB98-A639466B47DF}.Debug|Any CPU.Build.0 = Debug|Any CPU
		{DC1E3ECF-3125-4D28-BB98-A639466B47DF}.Release|Any CPU.ActiveCfg = Release|Any CPU
		{DC1E3ECF-3125-4D28-BB98-A639466B47DF}.Release|Any CPU.Build.0 = Release|Any CPU
		{AA686FF3-75FF-42D5-BAEE-2B1C14AE0A60}.Debug|Any CPU.ActiveCfg = Debug|Any CPU
		{AA686FF3-75FF-42D5-BAEE-2B1C14AE0A60}.Debug|Any CPU.Build.0 = Debug|Any CPU
		{AA686FF3-75FF-42D5-BAEE-2B1C14AE0A60}.Release|Any CPU.ActiveCfg = Release|Any CPU
		{AA686FF3-75FF-42D5-BAEE-2B1C14AE0A60}.Release|Any CPU.Build.0 = Release|Any CPU
		{F80C4E72-27A0-12B5-0634-DD5C11CFB0C1}.Debug|Any CPU.ActiveCfg = Debug|Any CPU
		{F80C4E72-27A0-12B5-0634-DD5C11CFB0C1}.Debug|Any CPU.Build.0 = Debug|Any CPU
		{F80C4E72-27A0-12B5-0634-DD5C11CFB0C1}.Release|Any CPU.ActiveCfg = Release|Any CPU
		{F80C4E72-27A0-12B5-0634-DD5C11CFB0C1}.Release|Any CPU.Build.0 = Release|Any CPU
		{1417E8CC-154A-4AAE-92EE-38186D3414DB}.Debug|Any CPU.ActiveCfg = Debug|Any CPU
		{1417E8CC-154A-4AAE-92EE-38186D3414DB}.Debug|Any CPU.Build.0 = Debug|Any CPU
		{1417E8CC-154A-4AAE-92EE-38186D3414DB}.Release|Any CPU.ActiveCfg = Release|Any CPU
		{1417E8CC-154A-4AAE-92EE-38186D3414DB}.Release|Any CPU.Build.0 = Release|Any CPU
		{A1029193-8ABB-4723-B00A-B40260D4892E}.Debug|Any CPU.ActiveCfg = Debug|Any CPU
		{A1029193-8ABB-4723-B00A-B40260D4892E}.Debug|Any CPU.Build.0 = Debug|Any CPU
		{A1029193-8ABB-4723-B00A-B40260D4892E}.Release|Any CPU.ActiveCfg = Release|Any CPU
		{A1029193-8ABB-4723-B00A-B40260D4892E}.Release|Any CPU.Build.0 = Release|Any CPU
		{8F6C4CF5-1A46-4F81-A625-BF1EFC3268B4}.Debug|Any CPU.ActiveCfg = Debug|Any CPU
		{8F6C4CF5-1A46-4F81-A625-BF1EFC3268B4}.Debug|Any CPU.Build.0 = Debug|Any CPU
		{8F6C4CF5-1A46-4F81-A625-BF1EFC3268B4}.Release|Any CPU.ActiveCfg = Release|Any CPU
		{8F6C4CF5-1A46-4F81-A625-BF1EFC3268B4}.Release|Any CPU.Build.0 = Release|Any CPU
	EndGlobalSection
	GlobalSection(SolutionProperties) = preSolution
		HideSolutionNode = FALSE
	EndGlobalSection
	GlobalSection(NestedProjects) = preSolution
		{1037E00F-F100-43F8-B566-7A401C77957C} = {F1F51123-629C-4E78-8641-8E356C4F2A93}
		{F4B3DF68-8030-4DA4-B8D9-76722A3FDD23} = {F1F51123-629C-4E78-8641-8E356C4F2A93}
		{DC1E3ECF-3125-4D28-BB98-A639466B47DF} = {F1F51123-629C-4E78-8641-8E356C4F2A93}
		{AA686FF3-75FF-42D5-BAEE-2B1C14AE0A60} = {F1F51123-629C-4E78-8641-8E356C4F2A93}
		{F80C4E72-27A0-12B5-0634-DD5C11CFB0C1} = {F1F51123-629C-4E78-8641-8E356C4F2A93}
		{1417E8CC-154A-4AAE-92EE-38186D3414DB} = {F1F51123-629C-4E78-8641-8E356C4F2A93}
		{A1029193-8ABB-4723-B00A-B40260D4892E} = {02EA681E-C7D8-13C7-8484-4AC65E1B71E8}
	EndGlobalSection
	GlobalSection(ExtensibilityGlobals) = postSolution
		SolutionGuid = {80BFED7E-F14E-4478-80A3-63E00D7641AF}
	EndGlobalSection
EndGlobal
