
Microsoft Visual Studio Solution File, Format Version 12.00
# Visual Studio Version 17
VisualStudioVersion = 17.0.31903.59
MinimumVisualStudioVersion = 10.0.40219.1
Project("{FAE04EC0-301F-11D3-BF4B-00C04F79EFBC}") = "Shared.Kernel", "Shared.Kernel\Shared.Kernel.csproj", "{1037E00F-F100-43F8-B566-7A401C77957C}"
EndProject
Project("{FAE04EC0-301F-11D3-BF4B-00C04F79EFBC}") = "Infrastructure", "Infrastructure\Infrastructure.csproj", "{F4B3DF68-8030-4DA4-B8D9-76722A3FDD23}"
EndProject
Project("{FAE04EC0-301F-11D3-BF4B-00C04F79EFBC}") = "WorkerService", "WorkerService\WorkerService.csproj", "{DC1E3ECF-3125-4D28-BB98-A639466B47DF}"
EndProject
Project("{FAE04EC0-301F-11D3-BF4B-00C04F79EFBC}") = "Domain", "Domain\Domain.csproj", "{AA686FF3-75FF-42D5-BAEE-2B1C14AE0A60}"
EndProject
Project("{FAE04EC0-301F-11D3-BF4B-00C04F79EFBC}") = "Application", "Application\Application.csproj", "{F80C4E72-27A0-12B5-0634-DD5C11CFB0C1}"
EndProject
Global
	GlobalSection(SolutionConfigurationPlatforms) = preSolution
		Debug|Any CPU = Debug|Any CPU
		Release|Any CPU = Release|Any CPU
	EndGlobalSection
	GlobalSection(ProjectConfigurationPlatforms) = postSolution
		{1037E00F-F100-43F8-B566-7A401C77957C}.Debug|Any CPU.ActiveCfg = Debug|Any CPU
		{1037E00F-F100-43F8-B566-7A401C77957C}.Debug|Any CPU.Build.0 = Debug|Any CPU
		{1037E00F-F100-43F8-B566-7A401C77957C}.Release|Any CPU.ActiveCfg = Release|Any CPU
		{1037E00F-F100-43F8-B566-7A401C77957C}.Release|Any CPU.Build.0 = Release|Any CPU
		{F4B3DF68-8030-4DA4-B8D9-76722A3FDD23}.Debug|Any CPU.ActiveCfg = Debug|Any CPU
		{F4B3DF68-8030-4DA4-B8D9-76722A3FDD23}.Debug|Any CPU.Build.0 = Debug|Any CPU
		{F4B3DF68-8030-4DA4-B8D9-76722A3FDD23}.Release|Any CPU.ActiveCfg = Release|Any CPU
		{F4B3DF68-8030-4DA4-B8D9-76722A3FDD23}.Release|Any CPU.Build.0 = Release|Any CPU
		{DC1E3ECF-3125-4D28-BB98-A639466B47DF}.Debug|Any CPU.ActiveCfg = Debug|Any CPU
		{DC1E3ECF-3125-4D28-BB98-A639466B47DF}.Debug|Any CPU.Build.0 = Debug|Any CPU
		{DC1E3ECF-3125-4D28-BB98-A639466B47DF}.Release|Any CPU.ActiveCfg = Release|Any CPU
		{DC1E3ECF-3125-4D28-BB98-A639466B47DF}.Release|Any CPU.Build.0 = Release|Any CPU
		{AA686FF3-75FF-42D5-BAEE-2B1C14AE0A60}.Debug|Any CPU.ActiveCfg = Debug|Any CPU
		{AA686FF3-75FF-42D5-BAEE-2B1C14AE0A60}.Debug|Any CPU.Build.0 = Debug|Any CPU
		{AA686FF3-75FF-42D5-BAEE-2B1C14AE0A60}.Release|Any CPU.ActiveCfg = Release|Any CPU
		{AA686FF3-75FF-42D5-BAEE-2B1C14AE0A60}.Release|Any CPU.Build.0 = Release|Any CPU
		{F80C4E72-27A0-12B5-0634-DD5C11CFB0C1}.Debug|Any CPU.ActiveCfg = Debug|Any CPU
		{F80C4E72-27A0-12B5-0634-DD5C11CFB0C1}.Debug|Any CPU.Build.0 = Debug|Any CPU
		{F80C4E72-27A0-12B5-0634-DD5C11CFB0C1}.Release|Any CPU.ActiveCfg = Release|Any CPU
		{F80C4E72-27A0-12B5-0634-DD5C11CFB0C1}.Release|Any CPU.Build.0 = Release|Any CPU
	EndGlobalSection
	GlobalSection(SolutionProperties) = preSolution
		HideSolutionNode = FALSE
	EndGlobalSection
	GlobalSection(ExtensibilityGlobals) = postSolution
		SolutionGuid = {80BFED7E-F14E-4478-80A3-63E00D7641AF}
	EndGlobalSection
EndGlobal
